
Microsoft Visual Studio Solution File, Format Version 12.00
# Visual Studio 14
VisualStudioVersion = 14.0.25420.1
MinimumVisualStudioVersion = 10.0.40219.1
Project("{FAE04EC0-301F-11D3-BF4B-00C04F79EFBC}") = "App2", "App2\App2\App2.csproj", "{3B970A3A-B432-4D73-B234-C8FE5FED73D4}"
EndProject
Project("{FAE04EC0-301F-11D3-BF4B-00C04F79EFBC}") = "App2.Droid", "App2\App2.Droid\App2.Droid.csproj", "{5E4C46C2-B019-45C6-94EF-8896697DA0FD}"
EndProject
Project("{FAE04EC0-301F-11D3-BF4B-00C04F79EFBC}") = "App2.iOS", "App2\App2.iOS\App2.iOS.csproj", "{887177DF-46FF-43C9-BBCF-A3C13DFECCCB}"
EndProject
Project("{FAE04EC0-301F-11D3-BF4B-00C04F79EFBC}") = "App2.WinPhone", "App2\App2.WinPhone\App2.WinPhone.csproj", "{6BDE10B2-9EA1-4530-B5CF-24EE43D45855}"
EndProject
Project("{FAE04EC0-301F-11D3-BF4B-00C04F79EFBC}") = "App2.UWP", "App2\App2.UWP\App2.UWP.csproj", "{0E789350-844B-4FD7-B023-F1414BDEE6CA}"
EndProject
Project("{FAE04EC0-301F-11D3-BF4B-00C04F79EFBC}") = "App2.Windows", "App2\App2.Windows\App2.Windows.csproj", "{AD20BE2C-B739-41B0-91E6-440E49504C99}"
EndProject
Global
	GlobalSection(SolutionConfigurationPlatforms) = preSolution
		Ad-Hoc|Any CPU = Ad-Hoc|Any CPU
		Ad-Hoc|ARM = Ad-Hoc|ARM
		Ad-Hoc|iPhone = Ad-Hoc|iPhone
		Ad-Hoc|iPhoneSimulator = Ad-Hoc|iPhoneSimulator
		Ad-Hoc|x64 = Ad-Hoc|x64
		Ad-Hoc|x86 = Ad-Hoc|x86
		AppStore|Any CPU = AppStore|Any CPU
		AppStore|ARM = AppStore|ARM
		AppStore|iPhone = AppStore|iPhone
		AppStore|iPhoneSimulator = AppStore|iPhoneSimulator
		AppStore|x64 = AppStore|x64
		AppStore|x86 = AppStore|x86
		Debug|Any CPU = Debug|Any CPU
		Debug|ARM = Debug|ARM
		Debug|iPhone = Debug|iPhone
		Debug|iPhoneSimulator = Debug|iPhoneSimulator
		Debug|x64 = Debug|x64
		Debug|x86 = Debug|x86
		Release|Any CPU = Release|Any CPU
		Release|ARM = Release|ARM
		Release|iPhone = Release|iPhone
		Release|iPhoneSimulator = Release|iPhoneSimulator
		Release|x64 = Release|x64
		Release|x86 = Release|x86
	EndGlobalSection
	GlobalSection(ProjectConfigurationPlatforms) = postSolution
		{3B970A3A-B432-4D73-B234-C8FE5FED73D4}.Ad-Hoc|Any CPU.ActiveCfg = Release|Any CPU
		{3B970A3A-B432-4D73-B234-C8FE5FED73D4}.Ad-Hoc|Any CPU.Build.0 = Release|Any CPU
		{3B970A3A-B432-4D73-B234-C8FE5FED73D4}.Ad-Hoc|ARM.ActiveCfg = Release|Any CPU
		{3B970A3A-B432-4D73-B234-C8FE5FED73D4}.Ad-Hoc|ARM.Build.0 = Release|Any CPU
		{3B970A3A-B432-4D73-B234-C8FE5FED73D4}.Ad-Hoc|iPhone.ActiveCfg = Release|Any CPU
		{3B970A3A-B432-4D73-B234-C8FE5FED73D4}.Ad-Hoc|iPhone.Build.0 = Release|Any CPU
		{3B970A3A-B432-4D73-B234-C8FE5FED73D4}.Ad-Hoc|iPhoneSimulator.ActiveCfg = Release|Any CPU
		{3B970A3A-B432-4D73-B234-C8FE5FED73D4}.Ad-Hoc|iPhoneSimulator.Build.0 = Release|Any CPU
		{3B970A3A-B432-4D73-B234-C8FE5FED73D4}.Ad-Hoc|x64.ActiveCfg = Release|Any CPU
		{3B970A3A-B432-4D73-B234-C8FE5FED73D4}.Ad-Hoc|x64.Build.0 = Release|Any CPU
		{3B970A3A-B432-4D73-B234-C8FE5FED73D4}.Ad-Hoc|x86.ActiveCfg = Release|Any CPU
		{3B970A3A-B432-4D73-B234-C8FE5FED73D4}.Ad-Hoc|x86.Build.0 = Release|Any CPU
		{3B970A3A-B432-4D73-B234-C8FE5FED73D4}.AppStore|Any CPU.ActiveCfg = Release|Any CPU
		{3B970A3A-B432-4D73-B234-C8FE5FED73D4}.AppStore|Any CPU.Build.0 = Release|Any CPU
		{3B970A3A-B432-4D73-B234-C8FE5FED73D4}.AppStore|ARM.ActiveCfg = Release|Any CPU
		{3B970A3A-B432-4D73-B234-C8FE5FED73D4}.AppStore|ARM.Build.0 = Release|Any CPU
		{3B970A3A-B432-4D73-B234-C8FE5FED73D4}.AppStore|iPhone.ActiveCfg = Release|Any CPU
		{3B970A3A-B432-4D73-B234-C8FE5FED73D4}.AppStore|iPhone.Build.0 = Release|Any CPU
		{3B970A3A-B432-4D73-B234-C8FE5FED73D4}.AppStore|iPhoneSimulator.ActiveCfg = Release|Any CPU
		{3B970A3A-B432-4D73-B234-C8FE5FED73D4}.AppStore|iPhoneSimulator.Build.0 = Release|Any CPU
		{3B970A3A-B432-4D73-B234-C8FE5FED73D4}.AppStore|x64.ActiveCfg = Release|Any CPU
		{3B970A3A-B432-4D73-B234-C8FE5FED73D4}.AppStore|x64.Build.0 = Release|Any CPU
		{3B970A3A-B432-4D73-B234-C8FE5FED73D4}.AppStore|x86.ActiveCfg = Release|Any CPU
		{3B970A3A-B432-4D73-B234-C8FE5FED73D4}.AppStore|x86.Build.0 = Release|Any CPU
		{3B970A3A-B432-4D73-B234-C8FE5FED73D4}.Debug|Any CPU.ActiveCfg = Debug|Any CPU
		{3B970A3A-B432-4D73-B234-C8FE5FED73D4}.Debug|Any CPU.Build.0 = Debug|Any CPU
		{3B970A3A-B432-4D73-B234-C8FE5FED73D4}.Debug|ARM.ActiveCfg = Debug|Any CPU
		{3B970A3A-B432-4D73-B234-C8FE5FED73D4}.Debug|ARM.Build.0 = Debug|Any CPU
		{3B970A3A-B432-4D73-B234-C8FE5FED73D4}.Debug|iPhone.ActiveCfg = Debug|Any CPU
		{3B970A3A-B432-4D73-B234-C8FE5FED73D4}.Debug|iPhone.Build.0 = Debug|Any CPU
		{3B970A3A-B432-4D73-B234-C8FE5FED73D4}.Debug|iPhoneSimulator.ActiveCfg = Debug|Any CPU
		{3B970A3A-B432-4D73-B234-C8FE5FED73D4}.Debug|iPhoneSimulator.Build.0 = Debug|Any CPU
		{3B970A3A-B432-4D73-B234-C8FE5FED73D4}.Debug|x64.ActiveCfg = Debug|Any CPU
		{3B970A3A-B432-4D73-B234-C8FE5FED73D4}.Debug|x64.Build.0 = Debug|Any CPU
		{3B970A3A-B432-4D73-B234-C8FE5FED73D4}.Debug|x86.ActiveCfg = Debug|Any CPU
		{3B970A3A-B432-4D73-B234-C8FE5FED73D4}.Debug|x86.Build.0 = Debug|Any CPU
		{3B970A3A-B432-4D73-B234-C8FE5FED73D4}.Release|Any CPU.ActiveCfg = Release|Any CPU
		{3B970A3A-B432-4D73-B234-C8FE5FED73D4}.Release|Any CPU.Build.0 = Release|Any CPU
		{3B970A3A-B432-4D73-B234-C8FE5FED73D4}.Release|ARM.ActiveCfg = Release|Any CPU
		{3B970A3A-B432-4D73-B234-C8FE5FED73D4}.Release|ARM.Build.0 = Release|Any CPU
		{3B970A3A-B432-4D73-B234-C8FE5FED73D4}.Release|iPhone.ActiveCfg = Release|Any CPU
		{3B970A3A-B432-4D73-B234-C8FE5FED73D4}.Release|iPhone.Build.0 = Release|Any CPU
		{3B970A3A-B432-4D73-B234-C8FE5FED73D4}.Release|iPhoneSimulator.ActiveCfg = Release|Any CPU
		{3B970A3A-B432-4D73-B234-C8FE5FED73D4}.Release|iPhoneSimulator.Build.0 = Release|Any CPU
		{3B970A3A-B432-4D73-B234-C8FE5FED73D4}.Release|x64.ActiveCfg = Release|Any CPU
		{3B970A3A-B432-4D73-B234-C8FE5FED73D4}.Release|x64.Build.0 = Release|Any CPU
		{3B970A3A-B432-4D73-B234-C8FE5FED73D4}.Release|x86.ActiveCfg = Release|Any CPU
		{3B970A3A-B432-4D73-B234-C8FE5FED73D4}.Release|x86.Build.0 = Release|Any CPU
		{5E4C46C2-B019-45C6-94EF-8896697DA0FD}.Ad-Hoc|Any CPU.ActiveCfg = Release|Any CPU
		{5E4C46C2-B019-45C6-94EF-8896697DA0FD}.Ad-Hoc|Any CPU.Build.0 = Release|Any CPU
		{5E4C46C2-B019-45C6-94EF-8896697DA0FD}.Ad-Hoc|Any CPU.Deploy.0 = Release|Any CPU
		{5E4C46C2-B019-45C6-94EF-8896697DA0FD}.Ad-Hoc|ARM.ActiveCfg = Release|Any CPU
		{5E4C46C2-B019-45C6-94EF-8896697DA0FD}.Ad-Hoc|ARM.Build.0 = Release|Any CPU
		{5E4C46C2-B019-45C6-94EF-8896697DA0FD}.Ad-Hoc|ARM.Deploy.0 = Release|Any CPU
		{5E4C46C2-B019-45C6-94EF-8896697DA0FD}.Ad-Hoc|iPhone.ActiveCfg = Release|Any CPU
		{5E4C46C2-B019-45C6-94EF-8896697DA0FD}.Ad-Hoc|iPhone.Build.0 = Release|Any CPU
		{5E4C46C2-B019-45C6-94EF-8896697DA0FD}.Ad-Hoc|iPhone.Deploy.0 = Release|Any CPU
		{5E4C46C2-B019-45C6-94EF-8896697DA0FD}.Ad-Hoc|iPhoneSimulator.ActiveCfg = Release|Any CPU
		{5E4C46C2-B019-45C6-94EF-8896697DA0FD}.Ad-Hoc|iPhoneSimulator.Build.0 = Release|Any CPU
		{5E4C46C2-B019-45C6-94EF-8896697DA0FD}.Ad-Hoc|iPhoneSimulator.Deploy.0 = Release|Any CPU
		{5E4C46C2-B019-45C6-94EF-8896697DA0FD}.Ad-Hoc|x64.ActiveCfg = Release|Any CPU
		{5E4C46C2-B019-45C6-94EF-8896697DA0FD}.Ad-Hoc|x64.Build.0 = Release|Any CPU
		{5E4C46C2-B019-45C6-94EF-8896697DA0FD}.Ad-Hoc|x64.Deploy.0 = Release|Any CPU
		{5E4C46C2-B019-45C6-94EF-8896697DA0FD}.Ad-Hoc|x86.ActiveCfg = Release|Any CPU
		{5E4C46C2-B019-45C6-94EF-8896697DA0FD}.Ad-Hoc|x86.Build.0 = Release|Any CPU
		{5E4C46C2-B019-45C6-94EF-8896697DA0FD}.Ad-Hoc|x86.Deploy.0 = Release|Any CPU
		{5E4C46C2-B019-45C6-94EF-8896697DA0FD}.AppStore|Any CPU.ActiveCfg = Release|Any CPU
		{5E4C46C2-B019-45C6-94EF-8896697DA0FD}.AppStore|Any CPU.Build.0 = Release|Any CPU
		{5E4C46C2-B019-45C6-94EF-8896697DA0FD}.AppStore|Any CPU.Deploy.0 = Release|Any CPU
		{5E4C46C2-B019-45C6-94EF-8896697DA0FD}.AppStore|ARM.ActiveCfg = Release|Any CPU
		{5E4C46C2-B019-45C6-94EF-8896697DA0FD}.AppStore|ARM.Build.0 = Release|Any CPU
		{5E4C46C2-B019-45C6-94EF-8896697DA0FD}.AppStore|ARM.Deploy.0 = Release|Any CPU
		{5E4C46C2-B019-45C6-94EF-8896697DA0FD}.AppStore|iPhone.ActiveCfg = Release|Any CPU
		{5E4C46C2-B019-45C6-94EF-8896697DA0FD}.AppStore|iPhone.Build.0 = Release|Any CPU
		{5E4C46C2-B019-45C6-94EF-8896697DA0FD}.AppStore|iPhone.Deploy.0 = Release|Any CPU
		{5E4C46C2-B019-45C6-94EF-8896697DA0FD}.AppStore|iPhoneSimulator.ActiveCfg = Release|Any CPU
		{5E4C46C2-B019-45C6-94EF-8896697DA0FD}.AppStore|iPhoneSimulator.Build.0 = Release|Any CPU
		{5E4C46C2-B019-45C6-94EF-8896697DA0FD}.AppStore|iPhoneSimulator.Deploy.0 = Release|Any CPU
		{5E4C46C2-B019-45C6-94EF-8896697DA0FD}.AppStore|x64.ActiveCfg = Release|Any CPU
		{5E4C46C2-B019-45C6-94EF-8896697DA0FD}.AppStore|x64.Build.0 = Release|Any CPU
		{5E4C46C2-B019-45C6-94EF-8896697DA0FD}.AppStore|x64.Deploy.0 = Release|Any CPU
		{5E4C46C2-B019-45C6-94EF-8896697DA0FD}.AppStore|x86.ActiveCfg = Release|Any CPU
		{5E4C46C2-B019-45C6-94EF-8896697DA0FD}.AppStore|x86.Build.0 = Release|Any CPU
		{5E4C46C2-B019-45C6-94EF-8896697DA0FD}.AppStore|x86.Deploy.0 = Release|Any CPU
		{5E4C46C2-B019-45C6-94EF-8896697DA0FD}.Debug|Any CPU.ActiveCfg = Debug|Any CPU
		{5E4C46C2-B019-45C6-94EF-8896697DA0FD}.Debug|Any CPU.Build.0 = Debug|Any CPU
		{5E4C46C2-B019-45C6-94EF-8896697DA0FD}.Debug|Any CPU.Deploy.0 = Debug|Any CPU
		{5E4C46C2-B019-45C6-94EF-8896697DA0FD}.Debug|ARM.ActiveCfg = Debug|Any CPU
		{5E4C46C2-B019-45C6-94EF-8896697DA0FD}.Debug|ARM.Build.0 = Debug|Any CPU
		{5E4C46C2-B019-45C6-94EF-8896697DA0FD}.Debug|ARM.Deploy.0 = Debug|Any CPU
		{5E4C46C2-B019-45C6-94EF-8896697DA0FD}.Debug|iPhone.ActiveCfg = Debug|Any CPU
		{5E4C46C2-B019-45C6-94EF-8896697DA0FD}.Debug|iPhone.Build.0 = Debug|Any CPU
		{5E4C46C2-B019-45C6-94EF-8896697DA0FD}.Debug|iPhone.Deploy.0 = Debug|Any CPU
		{5E4C46C2-B019-45C6-94EF-8896697DA0FD}.Debug|iPhoneSimulator.ActiveCfg = Debug|Any CPU
		{5E4C46C2-B019-45C6-94EF-8896697DA0FD}.Debug|iPhoneSimulator.Build.0 = Debug|Any CPU
		{5E4C46C2-B019-45C6-94EF-8896697DA0FD}.Debug|iPhoneSimulator.Deploy.0 = Debug|Any CPU
		{5E4C46C2-B019-45C6-94EF-8896697DA0FD}.Debug|x64.ActiveCfg = Debug|Any CPU
		{5E4C46C2-B019-45C6-94EF-8896697DA0FD}.Debug|x64.Build.0 = Debug|Any CPU
		{5E4C46C2-B019-45C6-94EF-8896697DA0FD}.Debug|x64.Deploy.0 = Debug|Any CPU
		{5E4C46C2-B019-45C6-94EF-8896697DA0FD}.Debug|x86.ActiveCfg = Debug|Any CPU
		{5E4C46C2-B019-45C6-94EF-8896697DA0FD}.Debug|x86.Build.0 = Debug|Any CPU
		{5E4C46C2-B019-45C6-94EF-8896697DA0FD}.Debug|x86.Deploy.0 = Debug|Any CPU
		{5E4C46C2-B019-45C6-94EF-8896697DA0FD}.Release|Any CPU.ActiveCfg = Release|Any CPU
		{5E4C46C2-B019-45C6-94EF-8896697DA0FD}.Release|Any CPU.Build.0 = Release|Any CPU
		{5E4C46C2-B019-45C6-94EF-8896697DA0FD}.Release|Any CPU.Deploy.0 = Release|Any CPU
		{5E4C46C2-B019-45C6-94EF-8896697DA0FD}.Release|ARM.ActiveCfg = Release|Any CPU
		{5E4C46C2-B019-45C6-94EF-8896697DA0FD}.Release|ARM.Build.0 = Release|Any CPU
		{5E4C46C2-B019-45C6-94EF-8896697DA0FD}.Release|ARM.Deploy.0 = Release|Any CPU
		{5E4C46C2-B019-45C6-94EF-8896697DA0FD}.Release|iPhone.ActiveCfg = Release|Any CPU
		{5E4C46C2-B019-45C6-94EF-8896697DA0FD}.Release|iPhone.Build.0 = Release|Any CPU
		{5E4C46C2-B019-45C6-94EF-8896697DA0FD}.Release|iPhone.Deploy.0 = Release|Any CPU
		{5E4C46C2-B019-45C6-94EF-8896697DA0FD}.Release|iPhoneSimulator.ActiveCfg = Release|Any CPU
		{5E4C46C2-B019-45C6-94EF-8896697DA0FD}.Release|iPhoneSimulator.Build.0 = Release|Any CPU
		{5E4C46C2-B019-45C6-94EF-8896697DA0FD}.Release|iPhoneSimulator.Deploy.0 = Release|Any CPU
		{5E4C46C2-B019-45C6-94EF-8896697DA0FD}.Release|x64.ActiveCfg = Release|Any CPU
		{5E4C46C2-B019-45C6-94EF-8896697DA0FD}.Release|x64.Build.0 = Release|Any CPU
		{5E4C46C2-B019-45C6-94EF-8896697DA0FD}.Release|x64.Deploy.0 = Release|Any CPU
		{5E4C46C2-B019-45C6-94EF-8896697DA0FD}.Release|x86.ActiveCfg = Release|Any CPU
		{5E4C46C2-B019-45C6-94EF-8896697DA0FD}.Release|x86.Build.0 = Release|Any CPU
		{5E4C46C2-B019-45C6-94EF-8896697DA0FD}.Release|x86.Deploy.0 = Release|Any CPU
		{887177DF-46FF-43C9-BBCF-A3C13DFECCCB}.Ad-Hoc|Any CPU.ActiveCfg = Ad-Hoc|iPhone
		{887177DF-46FF-43C9-BBCF-A3C13DFECCCB}.Ad-Hoc|ARM.ActiveCfg = Ad-Hoc|iPhone
		{887177DF-46FF-43C9-BBCF-A3C13DFECCCB}.Ad-Hoc|iPhone.ActiveCfg = Ad-Hoc|iPhone
		{887177DF-46FF-43C9-BBCF-A3C13DFECCCB}.Ad-Hoc|iPhone.Build.0 = Ad-Hoc|iPhone
		{887177DF-46FF-43C9-BBCF-A3C13DFECCCB}.Ad-Hoc|iPhoneSimulator.ActiveCfg = Ad-Hoc|iPhoneSimulator
		{887177DF-46FF-43C9-BBCF-A3C13DFECCCB}.Ad-Hoc|iPhoneSimulator.Build.0 = Ad-Hoc|iPhoneSimulator
		{887177DF-46FF-43C9-BBCF-A3C13DFECCCB}.Ad-Hoc|x64.ActiveCfg = Ad-Hoc|iPhone
		{887177DF-46FF-43C9-BBCF-A3C13DFECCCB}.Ad-Hoc|x86.ActiveCfg = Ad-Hoc|iPhone
		{887177DF-46FF-43C9-BBCF-A3C13DFECCCB}.AppStore|Any CPU.ActiveCfg = AppStore|iPhone
		{887177DF-46FF-43C9-BBCF-A3C13DFECCCB}.AppStore|ARM.ActiveCfg = AppStore|iPhone
		{887177DF-46FF-43C9-BBCF-A3C13DFECCCB}.AppStore|iPhone.ActiveCfg = AppStore|iPhone
		{887177DF-46FF-43C9-BBCF-A3C13DFECCCB}.AppStore|iPhone.Build.0 = AppStore|iPhone
		{887177DF-46FF-43C9-BBCF-A3C13DFECCCB}.AppStore|iPhoneSimulator.ActiveCfg = AppStore|iPhoneSimulator
		{887177DF-46FF-43C9-BBCF-A3C13DFECCCB}.AppStore|iPhoneSimulator.Build.0 = AppStore|iPhoneSimulator
		{887177DF-46FF-43C9-BBCF-A3C13DFECCCB}.AppStore|x64.ActiveCfg = AppStore|iPhone
		{887177DF-46FF-43C9-BBCF-A3C13DFECCCB}.AppStore|x86.ActiveCfg = AppStore|iPhone
		{887177DF-46FF-43C9-BBCF-A3C13DFECCCB}.Debug|Any CPU.ActiveCfg = Debug|iPhone
		{887177DF-46FF-43C9-BBCF-A3C13DFECCCB}.Debug|ARM.ActiveCfg = Debug|iPhone
		{887177DF-46FF-43C9-BBCF-A3C13DFECCCB}.Debug|iPhone.ActiveCfg = Debug|iPhone
		{887177DF-46FF-43C9-BBCF-A3C13DFECCCB}.Debug|iPhone.Build.0 = Debug|iPhone
		{887177DF-46FF-43C9-BBCF-A3C13DFECCCB}.Debug|iPhoneSimulator.ActiveCfg = Debug|iPhoneSimulator
		{887177DF-46FF-43C9-BBCF-A3C13DFECCCB}.Debug|iPhoneSimulator.Build.0 = Debug|iPhoneSimulator
		{887177DF-46FF-43C9-BBCF-A3C13DFECCCB}.Debug|x64.ActiveCfg = Debug|iPhone
		{887177DF-46FF-43C9-BBCF-A3C13DFECCCB}.Debug|x86.ActiveCfg = Debug|iPhone
		{887177DF-46FF-43C9-BBCF-A3C13DFECCCB}.Release|Any CPU.ActiveCfg = Release|iPhone
		{887177DF-46FF-43C9-BBCF-A3C13DFECCCB}.Release|ARM.ActiveCfg = Release|iPhone
		{887177DF-46FF-43C9-BBCF-A3C13DFECCCB}.Release|iPhone.ActiveCfg = Release|iPhone
		{887177DF-46FF-43C9-BBCF-A3C13DFECCCB}.Release|iPhone.Build.0 = Release|iPhone
		{887177DF-46FF-43C9-BBCF-A3C13DFECCCB}.Release|iPhoneSimulator.ActiveCfg = Release|iPhoneSimulator
		{887177DF-46FF-43C9-BBCF-A3C13DFECCCB}.Release|iPhoneSimulator.Build.0 = Release|iPhoneSimulator
		{887177DF-46FF-43C9-BBCF-A3C13DFECCCB}.Release|x64.ActiveCfg = Release|iPhone
		{887177DF-46FF-43C9-BBCF-A3C13DFECCCB}.Release|x86.ActiveCfg = Release|iPhone
		{6BDE10B2-9EA1-4530-B5CF-24EE43D45855}.Ad-Hoc|Any CPU.ActiveCfg = Release|Any CPU
		{6BDE10B2-9EA1-4530-B5CF-24EE43D45855}.Ad-Hoc|Any CPU.Build.0 = Release|Any CPU
		{6BDE10B2-9EA1-4530-B5CF-24EE43D45855}.Ad-Hoc|Any CPU.Deploy.0 = Release|Any CPU
		{6BDE10B2-9EA1-4530-B5CF-24EE43D45855}.Ad-Hoc|ARM.ActiveCfg = Release|ARM
		{6BDE10B2-9EA1-4530-B5CF-24EE43D45855}.Ad-Hoc|ARM.Build.0 = Release|ARM
		{6BDE10B2-9EA1-4530-B5CF-24EE43D45855}.Ad-Hoc|ARM.Deploy.0 = Release|ARM
		{6BDE10B2-9EA1-4530-B5CF-24EE43D45855}.Ad-Hoc|iPhone.ActiveCfg = Release|Any CPU
		{6BDE10B2-9EA1-4530-B5CF-24EE43D45855}.Ad-Hoc|iPhone.Build.0 = Release|Any CPU
		{6BDE10B2-9EA1-4530-B5CF-24EE43D45855}.Ad-Hoc|iPhone.Deploy.0 = Release|Any CPU
		{6BDE10B2-9EA1-4530-B5CF-24EE43D45855}.Ad-Hoc|iPhoneSimulator.ActiveCfg = Release|Any CPU
		{6BDE10B2-9EA1-4530-B5CF-24EE43D45855}.Ad-Hoc|iPhoneSimulator.Build.0 = Release|Any CPU
		{6BDE10B2-9EA1-4530-B5CF-24EE43D45855}.Ad-Hoc|iPhoneSimulator.Deploy.0 = Release|Any CPU
		{6BDE10B2-9EA1-4530-B5CF-24EE43D45855}.Ad-Hoc|x64.ActiveCfg = Release|Any CPU
		{6BDE10B2-9EA1-4530-B5CF-24EE43D45855}.Ad-Hoc|x64.Build.0 = Release|Any CPU
		{6BDE10B2-9EA1-4530-B5CF-24EE43D45855}.Ad-Hoc|x64.Deploy.0 = Release|Any CPU
		{6BDE10B2-9EA1-4530-B5CF-24EE43D45855}.Ad-Hoc|x86.ActiveCfg = Release|x86
		{6BDE10B2-9EA1-4530-B5CF-24EE43D45855}.Ad-Hoc|x86.Build.0 = Release|x86
		{6BDE10B2-9EA1-4530-B5CF-24EE43D45855}.Ad-Hoc|x86.Deploy.0 = Release|x86
		{6BDE10B2-9EA1-4530-B5CF-24EE43D45855}.AppStore|Any CPU.ActiveCfg = Release|Any CPU
		{6BDE10B2-9EA1-4530-B5CF-24EE43D45855}.AppStore|Any CPU.Build.0 = Release|Any CPU
		{6BDE10B2-9EA1-4530-B5CF-24EE43D45855}.AppStore|Any CPU.Deploy.0 = Release|Any CPU
		{6BDE10B2-9EA1-4530-B5CF-24EE43D45855}.AppStore|ARM.ActiveCfg = Release|ARM
		{6BDE10B2-9EA1-4530-B5CF-24EE43D45855}.AppStore|ARM.Build.0 = Release|ARM
		{6BDE10B2-9EA1-4530-B5CF-24EE43D45855}.AppStore|ARM.Deploy.0 = Release|ARM
		{6BDE10B2-9EA1-4530-B5CF-24EE43D45855}.AppStore|iPhone.ActiveCfg = Release|Any CPU
		{6BDE10B2-9EA1-4530-B5CF-24EE43D45855}.AppStore|iPhone.Build.0 = Release|Any CPU
		{6BDE10B2-9EA1-4530-B5CF-24EE43D45855}.AppStore|iPhone.Deploy.0 = Release|Any CPU
		{6BDE10B2-9EA1-4530-B5CF-24EE43D45855}.AppStore|iPhoneSimulator.ActiveCfg = Release|Any CPU
		{6BDE10B2-9EA1-4530-B5CF-24EE43D45855}.AppStore|iPhoneSimulator.Build.0 = Release|Any CPU
		{6BDE10B2-9EA1-4530-B5CF-24EE43D45855}.AppStore|iPhoneSimulator.Deploy.0 = Release|Any CPU
		{6BDE10B2-9EA1-4530-B5CF-24EE43D45855}.AppStore|x64.ActiveCfg = Release|Any CPU
		{6BDE10B2-9EA1-4530-B5CF-24EE43D45855}.AppStore|x64.Build.0 = Release|Any CPU
		{6BDE10B2-9EA1-4530-B5CF-24EE43D45855}.AppStore|x64.Deploy.0 = Release|Any CPU
		{6BDE10B2-9EA1-4530-B5CF-24EE43D45855}.AppStore|x86.ActiveCfg = Release|x86
		{6BDE10B2-9EA1-4530-B5CF-24EE43D45855}.AppStore|x86.Build.0 = Release|x86
		{6BDE10B2-9EA1-4530-B5CF-24EE43D45855}.AppStore|x86.Deploy.0 = Release|x86
		{6BDE10B2-9EA1-4530-B5CF-24EE43D45855}.Debug|Any CPU.ActiveCfg = Debug|Any CPU
		{6BDE10B2-9EA1-4530-B5CF-24EE43D45855}.Debug|Any CPU.Build.0 = Debug|Any CPU
		{6BDE10B2-9EA1-4530-B5CF-24EE43D45855}.Debug|Any CPU.Deploy.0 = Debug|Any CPU
		{6BDE10B2-9EA1-4530-B5CF-24EE43D45855}.Debug|ARM.ActiveCfg = Debug|ARM
		{6BDE10B2-9EA1-4530-B5CF-24EE43D45855}.Debug|ARM.Build.0 = Debug|ARM
		{6BDE10B2-9EA1-4530-B5CF-24EE43D45855}.Debug|ARM.Deploy.0 = Debug|ARM
		{6BDE10B2-9EA1-4530-B5CF-24EE43D45855}.Debug|iPhone.ActiveCfg = Debug|Any CPU
		{6BDE10B2-9EA1-4530-B5CF-24EE43D45855}.Debug|iPhone.Build.0 = Debug|Any CPU
		{6BDE10B2-9EA1-4530-B5CF-24EE43D45855}.Debug|iPhone.Deploy.0 = Debug|Any CPU
		{6BDE10B2-9EA1-4530-B5CF-24EE43D45855}.Debug|iPhoneSimulator.ActiveCfg = Debug|Any CPU
		{6BDE10B2-9EA1-4530-B5CF-24EE43D45855}.Debug|iPhoneSimulator.Build.0 = Debug|Any CPU
		{6BDE10B2-9EA1-4530-B5CF-24EE43D45855}.Debug|iPhoneSimulator.Deploy.0 = Debug|Any CPU
		{6BDE10B2-9EA1-4530-B5CF-24EE43D45855}.Debug|x64.ActiveCfg = Debug|Any CPU
		{6BDE10B2-9EA1-4530-B5CF-24EE43D45855}.Debug|x64.Build.0 = Debug|Any CPU
		{6BDE10B2-9EA1-4530-B5CF-24EE43D45855}.Debug|x64.Deploy.0 = Debug|Any CPU
		{6BDE10B2-9EA1-4530-B5CF-24EE43D45855}.Debug|x86.ActiveCfg = Debug|x86
		{6BDE10B2-9EA1-4530-B5CF-24EE43D45855}.Debug|x86.Build.0 = Debug|x86
		{6BDE10B2-9EA1-4530-B5CF-24EE43D45855}.Debug|x86.Deploy.0 = Debug|x86
		{6BDE10B2-9EA1-4530-B5CF-24EE43D45855}.Release|Any CPU.ActiveCfg = Release|Any CPU
		{6BDE10B2-9EA1-4530-B5CF-24EE43D45855}.Release|Any CPU.Build.0 = Release|Any CPU
		{6BDE10B2-9EA1-4530-B5CF-24EE43D45855}.Release|Any CPU.Deploy.0 = Release|Any CPU
		{6BDE10B2-9EA1-4530-B5CF-24EE43D45855}.Release|ARM.ActiveCfg = Release|ARM
		{6BDE10B2-9EA1-4530-B5CF-24EE43D45855}.Release|ARM.Build.0 = Release|ARM
		{6BDE10B2-9EA1-4530-B5CF-24EE43D45855}.Release|ARM.Deploy.0 = Release|ARM
		{6BDE10B2-9EA1-4530-B5CF-24EE43D45855}.Release|iPhone.ActiveCfg = Release|Any CPU
		{6BDE10B2-9EA1-4530-B5CF-24EE43D45855}.Release|iPhone.Build.0 = Release|Any CPU
		{6BDE10B2-9EA1-4530-B5CF-24EE43D45855}.Release|iPhone.Deploy.0 = Release|Any CPU
		{6BDE10B2-9EA1-4530-B5CF-24EE43D45855}.Release|iPhoneSimulator.ActiveCfg = Release|Any CPU
		{6BDE10B2-9EA1-4530-B5CF-24EE43D45855}.Release|iPhoneSimulator.Build.0 = Release|Any CPU
		{6BDE10B2-9EA1-4530-B5CF-24EE43D45855}.Release|iPhoneSimulator.Deploy.0 = Release|Any CPU
		{6BDE10B2-9EA1-4530-B5CF-24EE43D45855}.Release|x64.ActiveCfg = Release|Any CPU
		{6BDE10B2-9EA1-4530-B5CF-24EE43D45855}.Release|x64.Build.0 = Release|Any CPU
		{6BDE10B2-9EA1-4530-B5CF-24EE43D45855}.Release|x64.Deploy.0 = Release|Any CPU
		{6BDE10B2-9EA1-4530-B5CF-24EE43D45855}.Release|x86.ActiveCfg = Release|x86
		{6BDE10B2-9EA1-4530-B5CF-24EE43D45855}.Release|x86.Build.0 = Release|x86
		{6BDE10B2-9EA1-4530-B5CF-24EE43D45855}.Release|x86.Deploy.0 = Release|x86
		{0E789350-844B-4FD7-B023-F1414BDEE6CA}.Ad-Hoc|Any CPU.ActiveCfg = Release|x86
		{0E789350-844B-4FD7-B023-F1414BDEE6CA}.Ad-Hoc|Any CPU.Build.0 = Release|x86
		{0E789350-844B-4FD7-B023-F1414BDEE6CA}.Ad-Hoc|Any CPU.Deploy.0 = Release|x86
		{0E789350-844B-4FD7-B023-F1414BDEE6CA}.Ad-Hoc|ARM.ActiveCfg = Release|ARM
		{0E789350-844B-4FD7-B023-F1414BDEE6CA}.Ad-Hoc|ARM.Build.0 = Release|ARM
		{0E789350-844B-4FD7-B023-F1414BDEE6CA}.Ad-Hoc|ARM.Deploy.0 = Release|ARM
		{0E789350-844B-4FD7-B023-F1414BDEE6CA}.Ad-Hoc|iPhone.ActiveCfg = Release|x86
		{0E789350-844B-4FD7-B023-F1414BDEE6CA}.Ad-Hoc|iPhone.Build.0 = Release|x86
		{0E789350-844B-4FD7-B023-F1414BDEE6CA}.Ad-Hoc|iPhone.Deploy.0 = Release|x86
		{0E789350-844B-4FD7-B023-F1414BDEE6CA}.Ad-Hoc|iPhoneSimulator.ActiveCfg = Release|x86
		{0E789350-844B-4FD7-B023-F1414BDEE6CA}.Ad-Hoc|iPhoneSimulator.Build.0 = Release|x86
		{0E789350-844B-4FD7-B023-F1414BDEE6CA}.Ad-Hoc|iPhoneSimulator.Deploy.0 = Release|x86
		{0E789350-844B-4FD7-B023-F1414BDEE6CA}.Ad-Hoc|x64.ActiveCfg = Release|x64
		{0E789350-844B-4FD7-B023-F1414BDEE6CA}.Ad-Hoc|x64.Build.0 = Release|x64
		{0E789350-844B-4FD7-B023-F1414BDEE6CA}.Ad-Hoc|x64.Deploy.0 = Release|x64
		{0E789350-844B-4FD7-B023-F1414BDEE6CA}.Ad-Hoc|x86.ActiveCfg = Release|x86
		{0E789350-844B-4FD7-B023-F1414BDEE6CA}.Ad-Hoc|x86.Build.0 = Release|x86
		{0E789350-844B-4FD7-B023-F1414BDEE6CA}.Ad-Hoc|x86.Deploy.0 = Release|x86
		{0E789350-844B-4FD7-B023-F1414BDEE6CA}.AppStore|Any CPU.ActiveCfg = Release|x86
		{0E789350-844B-4FD7-B023-F1414BDEE6CA}.AppStore|Any CPU.Build.0 = Release|x86
		{0E789350-844B-4FD7-B023-F1414BDEE6CA}.AppStore|Any CPU.Deploy.0 = Release|x86
		{0E789350-844B-4FD7-B023-F1414BDEE6CA}.AppStore|ARM.ActiveCfg = Release|ARM
		{0E789350-844B-4FD7-B023-F1414BDEE6CA}.AppStore|ARM.Build.0 = Release|ARM
		{0E789350-844B-4FD7-B023-F1414BDEE6CA}.AppStore|ARM.Deploy.0 = Release|ARM
		{0E789350-844B-4FD7-B023-F1414BDEE6CA}.AppStore|iPhone.ActiveCfg = Release|x86
		{0E789350-844B-4FD7-B023-F1414BDEE6CA}.AppStore|iPhone.Build.0 = Release|x86
		{0E789350-844B-4FD7-B023-F1414BDEE6CA}.AppStore|iPhone.Deploy.0 = Release|x86
		{0E789350-844B-4FD7-B023-F1414BDEE6CA}.AppStore|iPhoneSimulator.ActiveCfg = Release|x86
		{0E789350-844B-4FD7-B023-F1414BDEE6CA}.AppStore|iPhoneSimulator.Build.0 = Release|x86
		{0E789350-844B-4FD7-B023-F1414BDEE6CA}.AppStore|iPhoneSimulator.Deploy.0 = Release|x86
		{0E789350-844B-4FD7-B023-F1414BDEE6CA}.AppStore|x64.ActiveCfg = Release|x64
		{0E789350-844B-4FD7-B023-F1414BDEE6CA}.AppStore|x64.Build.0 = Release|x64
		{0E789350-844B-4FD7-B023-F1414BDEE6CA}.AppStore|x64.Deploy.0 = Release|x64
		{0E789350-844B-4FD7-B023-F1414BDEE6CA}.AppStore|x86.ActiveCfg = Release|x86
		{0E789350-844B-4FD7-B023-F1414BDEE6CA}.AppStore|x86.Build.0 = Release|x86
		{0E789350-844B-4FD7-B023-F1414BDEE6CA}.AppStore|x86.Deploy.0 = Release|x86
		{0E789350-844B-4FD7-B023-F1414BDEE6CA}.Debug|Any CPU.ActiveCfg = Debug|x86
		{0E789350-844B-4FD7-B023-F1414BDEE6CA}.Debug|ARM.ActiveCfg = Debug|ARM
		{0E789350-844B-4FD7-B023-F1414BDEE6CA}.Debug|ARM.Build.0 = Debug|ARM
		{0E789350-844B-4FD7-B023-F1414BDEE6CA}.Debug|ARM.Deploy.0 = Debug|ARM
		{0E789350-844B-4FD7-B023-F1414BDEE6CA}.Debug|iPhone.ActiveCfg = Debug|x86
		{0E789350-844B-4FD7-B023-F1414BDEE6CA}.Debug|iPhoneSimulator.ActiveCfg = Debug|x86
		{0E789350-844B-4FD7-B023-F1414BDEE6CA}.Debug|x64.ActiveCfg = Debug|x64
		{0E789350-844B-4FD7-B023-F1414BDEE6CA}.Debug|x64.Build.0 = Debug|x64
		{0E789350-844B-4FD7-B023-F1414BDEE6CA}.Debug|x64.Deploy.0 = Debug|x64
		{0E789350-844B-4FD7-B023-F1414BDEE6CA}.Debug|x86.ActiveCfg = Debug|x86
		{0E789350-844B-4FD7-B023-F1414BDEE6CA}.Debug|x86.Build.0 = Debug|x86
		{0E789350-844B-4FD7-B023-F1414BDEE6CA}.Debug|x86.Deploy.0 = Debug|x86
		{0E789350-844B-4FD7-B023-F1414BDEE6CA}.Release|Any CPU.ActiveCfg = Release|x86
		{0E789350-844B-4FD7-B023-F1414BDEE6CA}.Release|ARM.ActiveCfg = Release|ARM
		{0E789350-844B-4FD7-B023-F1414BDEE6CA}.Release|ARM.Build.0 = Release|ARM
		{0E789350-844B-4FD7-B023-F1414BDEE6CA}.Release|ARM.Deploy.0 = Release|ARM
		{0E789350-844B-4FD7-B023-F1414BDEE6CA}.Release|iPhone.ActiveCfg = Release|x86
		{0E789350-844B-4FD7-B023-F1414BDEE6CA}.Release|iPhoneSimulator.ActiveCfg = Release|x86
		{0E789350-844B-4FD7-B023-F1414BDEE6CA}.Release|x64.ActiveCfg = Release|x64
		{0E789350-844B-4FD7-B023-F1414BDEE6CA}.Release|x64.Build.0 = Release|x64
		{0E789350-844B-4FD7-B023-F1414BDEE6CA}.Release|x64.Deploy.0 = Release|x64
		{0E789350-844B-4FD7-B023-F1414BDEE6CA}.Release|x86.ActiveCfg = Release|x86
		{0E789350-844B-4FD7-B023-F1414BDEE6CA}.Release|x86.Build.0 = Release|x86
		{0E789350-844B-4FD7-B023-F1414BDEE6CA}.Release|x86.Deploy.0 = Release|x86
		{AD20BE2C-B739-41B0-91E6-440E49504C99}.Ad-Hoc|Any CPU.ActiveCfg = Release|Any CPU
		{AD20BE2C-B739-41B0-91E6-440E49504C99}.Ad-Hoc|Any CPU.Build.0 = Release|Any CPU
		{AD20BE2C-B739-41B0-91E6-440E49504C99}.Ad-Hoc|Any CPU.Deploy.0 = Release|Any CPU
		{AD20BE2C-B739-41B0-91E6-440E49504C99}.Ad-Hoc|ARM.ActiveCfg = Release|ARM
		{AD20BE2C-B739-41B0-91E6-440E49504C99}.Ad-Hoc|ARM.Build.0 = Release|ARM
		{AD20BE2C-B739-41B0-91E6-440E49504C99}.Ad-Hoc|ARM.Deploy.0 = Release|ARM
		{AD20BE2C-B739-41B0-91E6-440E49504C99}.Ad-Hoc|iPhone.ActiveCfg = Release|Any CPU
		{AD20BE2C-B739-41B0-91E6-440E49504C99}.Ad-Hoc|iPhone.Build.0 = Release|Any CPU
		{AD20BE2C-B739-41B0-91E6-440E49504C99}.Ad-Hoc|iPhone.Deploy.0 = Release|Any CPU
		{AD20BE2C-B739-41B0-91E6-440E49504C99}.Ad-Hoc|iPhoneSimulator.ActiveCfg = Release|Any CPU
		{AD20BE2C-B739-41B0-91E6-440E49504C99}.Ad-Hoc|iPhoneSimulator.Build.0 = Release|Any CPU
		{AD20BE2C-B739-41B0-91E6-440E49504C99}.Ad-Hoc|iPhoneSimulator.Deploy.0 = Release|Any CPU
		{AD20BE2C-B739-41B0-91E6-440E49504C99}.Ad-Hoc|x64.ActiveCfg = Release|x64
		{AD20BE2C-B739-41B0-91E6-440E49504C99}.Ad-Hoc|x64.Build.0 = Release|x64
		{AD20BE2C-B739-41B0-91E6-440E49504C99}.Ad-Hoc|x64.Deploy.0 = Release|x64
		{AD20BE2C-B739-41B0-91E6-440E49504C99}.Ad-Hoc|x86.ActiveCfg = Release|x86
		{AD20BE2C-B739-41B0-91E6-440E49504C99}.Ad-Hoc|x86.Build.0 = Release|x86
		{AD20BE2C-B739-41B0-91E6-440E49504C99}.Ad-Hoc|x86.Deploy.0 = Release|x86
		{AD20BE2C-B739-41B0-91E6-440E49504C99}.AppStore|Any CPU.ActiveCfg = Release|Any CPU
		{AD20BE2C-B739-41B0-91E6-440E49504C99}.AppStore|Any CPU.Build.0 = Release|Any CPU
		{AD20BE2C-B739-41B0-91E6-440E49504C99}.AppStore|Any CPU.Deploy.0 = Release|Any CPU
		{AD20BE2C-B739-41B0-91E6-440E49504C99}.AppStore|ARM.ActiveCfg = Release|ARM
		{AD20BE2C-B739-41B0-91E6-440E49504C99}.AppStore|ARM.Build.0 = Release|ARM
		{AD20BE2C-B739-41B0-91E6-440E49504C99}.AppStore|ARM.Deploy.0 = Release|ARM
		{AD20BE2C-B739-41B0-91E6-440E49504C99}.AppStore|iPhone.ActiveCfg = Release|Any CPU
		{AD20BE2C-B739-41B0-91E6-440E49504C99}.AppStore|iPhone.Build.0 = Release|Any CPU
		{AD20BE2C-B739-41B0-91E6-440E49504C99}.AppStore|iPhone.Deploy.0 = Release|Any CPU
		{AD20BE2C-B739-41B0-91E6-440E49504C99}.AppStore|iPhoneSimulator.ActiveCfg = Release|Any CPU
		{AD20BE2C-B739-41B0-91E6-440E49504C99}.AppStore|iPhoneSimulator.Build.0 = Release|Any CPU
		{AD20BE2C-B739-41B0-91E6-440E49504C99}.AppStore|iPhoneSimulator.Deploy.0 = Release|Any CPU
		{AD20BE2C-B739-41B0-91E6-440E49504C99}.AppStore|x64.ActiveCfg = Release|x64
		{AD20BE2C-B739-41B0-91E6-440E49504C99}.AppStore|x64.Build.0 = Release|x64
		{AD20BE2C-B739-41B0-91E6-440E49504C99}.AppStore|x64.Deploy.0 = Release|x64
		{AD20BE2C-B739-41B0-91E6-440E49504C99}.AppStore|x86.ActiveCfg = Release|x86
		{AD20BE2C-B739-41B0-91E6-440E49504C99}.AppStore|x86.Build.0 = Release|x86
		{AD20BE2C-B739-41B0-91E6-440E49504C99}.AppStore|x86.Deploy.0 = Release|x86
		{AD20BE2C-B739-41B0-91E6-440E49504C99}.Debug|Any CPU.ActiveCfg = Debug|Any CPU
		{AD20BE2C-B739-41B0-91E6-440E49504C99}.Debug|Any CPU.Build.0 = Debug|Any CPU
		{AD20BE2C-B739-41B0-91E6-440E49504C99}.Debug|Any CPU.Deploy.0 = Debug|Any CPU
		{AD20BE2C-B739-41B0-91E6-440E49504C99}.Debug|ARM.ActiveCfg = Debug|ARM
		{AD20BE2C-B739-41B0-91E6-440E49504C99}.Debug|ARM.Build.0 = Debug|ARM
		{AD20BE2C-B739-41B0-91E6-440E49504C99}.Debug|ARM.Deploy.0 = Debug|ARM
		{AD20BE2C-B739-41B0-91E6-440E49504C99}.Debug|iPhone.ActiveCfg = Debug|Any CPU
		{AD20BE2C-B739-41B0-91E6-440E49504C99}.Debug|iPhone.Build.0 = Debug|Any CPU
		{AD20BE2C-B739-41B0-91E6-440E49504C99}.Debug|iPhone.Deploy.0 = Debug|Any CPU
		{AD20BE2C-B739-41B0-91E6-440E49504C99}.Debug|iPhoneSimulator.ActiveCfg = Debug|Any CPU
		{AD20BE2C-B739-41B0-91E6-440E49504C99}.Debug|iPhoneSimulator.Build.0 = Debug|Any CPU
		{AD20BE2C-B739-41B0-91E6-440E49504C99}.Debug|iPhoneSimulator.Deploy.0 = Debug|Any CPU
		{AD20BE2C-B739-41B0-91E6-440E49504C99}.Debug|x64.ActiveCfg = Debug|x64
		{AD20BE2C-B739-41B0-91E6-440E49504C99}.Debug|x64.Build.0 = Debug|x64
		{AD20BE2C-B739-41B0-91E6-440E49504C99}.Debug|x64.Deploy.0 = Debug|x64
		{AD20BE2C-B739-41B0-91E6-440E49504C99}.Debug|x86.ActiveCfg = Debug|x86
		{AD20BE2C-B739-41B0-91E6-440E49504C99}.Debug|x86.Build.0 = Debug|x86
		{AD20BE2C-B739-41B0-91E6-440E49504C99}.Debug|x86.Deploy.0 = Debug|x86
		{AD20BE2C-B739-41B0-91E6-440E49504C99}.Release|Any CPU.ActiveCfg = Release|Any CPU
		{AD20BE2C-B739-41B0-91E6-440E49504C99}.Release|Any CPU.Build.0 = Release|Any CPU
		{AD20BE2C-B739-41B0-91E6-440E49504C99}.Release|Any CPU.Deploy.0 = Release|Any CPU
		{AD20BE2C-B739-41B0-91E6-440E49504C99}.Release|ARM.ActiveCfg = Release|ARM
		{AD20BE2C-B739-41B0-91E6-440E49504C99}.Release|ARM.Build.0 = Release|ARM
		{AD20BE2C-B739-41B0-91E6-440E49504C99}.Release|ARM.Deploy.0 = Release|ARM
		{AD20BE2C-B739-41B0-91E6-440E49504C99}.Release|iPhone.ActiveCfg = Release|Any CPU
		{AD20BE2C-B739-41B0-91E6-440E49504C99}.Release|iPhone.Build.0 = Release|Any CPU
		{AD20BE2C-B739-41B0-91E6-440E49504C99}.Release|iPhone.Deploy.0 = Release|Any CPU
		{AD20BE2C-B739-41B0-91E6-440E49504C99}.Release|iPhoneSimulator.ActiveCfg = Release|Any CPU
		{AD20BE2C-B739-41B0-91E6-440E49504C99}.Release|iPhoneSimulator.Build.0 = Release|Any CPU
		{AD20BE2C-B739-41B0-91E6-440E49504C99}.Release|iPhoneSimulator.Deploy.0 = Release|Any CPU
		{AD20BE2C-B739-41B0-91E6-440E49504C99}.Release|x64.ActiveCfg = Release|x64
		{AD20BE2C-B739-41B0-91E6-440E49504C99}.Release|x64.Build.0 = Release|x64
		{AD20BE2C-B739-41B0-91E6-440E49504C99}.Release|x64.Deploy.0 = Release|x64
		{AD20BE2C-B739-41B0-91E6-440E49504C99}.Release|x86.ActiveCfg = Release|x86
		{AD20BE2C-B739-41B0-91E6-440E49504C99}.Release|x86.Build.0 = Release|x86
		{AD20BE2C-B739-41B0-91E6-440E49504C99}.Release|x86.Deploy.0 = Release|x86
	EndGlobalSection
	GlobalSection(SolutionProperties) = preSolution
		HideSolutionNode = FALSE
	EndGlobalSection
EndGlobal
